// !$*UTF8*$!
{
	archiveVersion = 1;
	classes = {
	};
	objectVersion = 46;
	objects = {

/* Begin PBXBuildFile section */
		309DA3E11C49E07A00D1631C /* main.m in Sources */ = {isa = PBXBuildFile; fileRef = 309DA3E01C49E07A00D1631C /* main.m */; };
		309DA3E41C49E07A00D1631C /* AppDelegate.m in Sources */ = {isa = PBXBuildFile; fileRef = 309DA3E31C49E07A00D1631C /* AppDelegate.m */; };
		309DA3E71C49E07A00D1631C /* ViewController.m in Sources */ = {isa = PBXBuildFile; fileRef = 309DA3E61C49E07A00D1631C /* ViewController.m */; };
		309DA3EA1C49E07A00D1631C /* Main.storyboard in Resources */ = {isa = PBXBuildFile; fileRef = 309DA3E81C49E07A00D1631C /* Main.storyboard */; };
		309DA3EC1C49E07A00D1631C /* Assets.xcassets in Resources */ = {isa = PBXBuildFile; fileRef = 309DA3EB1C49E07A00D1631C /* Assets.xcassets */; };
		309DA3EF1C49E07A00D1631C /* LaunchScreen.storyboard in Resources */ = {isa = PBXBuildFile; fileRef = 309DA3ED1C49E07A00D1631C /* LaunchScreen.storyboard */; };
		309DA3FA1C49E11200D1631C /* DatabaseFunctions.m in Sources */ = {isa = PBXBuildFile; fileRef = 309DA3F91C49E11200D1631C /* DatabaseFunctions.m */; };
		309DA3FD1C49E11A00D1631C /* PortfolioModel.m in Sources */ = {isa = PBXBuildFile; fileRef = 309DA3FC1C49E11A00D1631C /* PortfolioModel.m */; };
		309DA4001C49E11F00D1631C /* ArticleModel.m in Sources */ = {isa = PBXBuildFile; fileRef = 309DA3FF1C49E11F00D1631C /* ArticleModel.m */; };
		309DA4031C49E12500D1631C /* HealthCheckModel.m in Sources */ = {isa = PBXBuildFile; fileRef = 309DA4021C49E12500D1631C /* HealthCheckModel.m */; };
		309DA4061C49E12E00D1631C /* NSString+HXAddtions.m in Sources */ = {isa = PBXBuildFile; fileRef = 309DA4051C49E12E00D1631C /* NSString+HXAddtions.m */; };
		D2F7EE298C20D731FE3323CE /* libPods.a in Frameworks */ = {isa = PBXBuildFile; fileRef = FE5A460E342F8D7156D2A3FF /* libPods.a */; };
/* End PBXBuildFile section */

/* Begin PBXFileReference section */
		2BEDF35CFA3A1D48FF1352C6 /* Pods.release.xcconfig */ = {isa = PBXFileReference; includeInIndex = 1; lastKnownFileType = text.xcconfig; name = Pods.release.xcconfig; path = "Pods/Target Support Files/Pods/Pods.release.xcconfig"; sourceTree = "<group>"; };
		309DA3DC1C49E07A00D1631C /* iOSfmdbTest.app */ = {isa = PBXFileReference; explicitFileType = wrapper.application; includeInIndex = 0; path = iOSfmdbTest.app; sourceTree = BUILT_PRODUCTS_DIR; };
		309DA3E01C49E07A00D1631C /* main.m */ = {isa = PBXFileReference; lastKnownFileType = sourcecode.c.objc; path = main.m; sourceTree = "<group>"; };
		309DA3E21C49E07A00D1631C /* AppDelegate.h */ = {isa = PBXFileReference; lastKnownFileType = sourcecode.c.h; path = AppDelegate.h; sourceTree = "<group>"; };
		309DA3E31C49E07A00D1631C /* AppDelegate.m */ = {isa = PBXFileReference; lastKnownFileType = sourcecode.c.objc; path = AppDelegate.m; sourceTree = "<group>"; };
		309DA3E51C49E07A00D1631C /* ViewController.h */ = {isa = PBXFileReference; lastKnownFileType = sourcecode.c.h; path = ViewController.h; sourceTree = "<group>"; };
		309DA3E61C49E07A00D1631C /* ViewController.m */ = {isa = PBXFileReference; lastKnownFileType = sourcecode.c.objc; path = ViewController.m; sourceTree = "<group>"; };
		309DA3E91C49E07A00D1631C /* Base */ = {isa = PBXFileReference; lastKnownFileType = file.storyboard; name = Base; path = Base.lproj/Main.storyboard; sourceTree = "<group>"; };
		309DA3EB1C49E07A00D1631C /* Assets.xcassets */ = {isa = PBXFileReference; lastKnownFileType = folder.assetcatalog; path = Assets.xcassets; sourceTree = "<group>"; };
		309DA3EE1C49E07A00D1631C /* Base */ = {isa = PBXFileReference; lastKnownFileType = file.storyboard; name = Base; path = Base.lproj/LaunchScreen.storyboard; sourceTree = "<group>"; };
		309DA3F01C49E07A00D1631C /* Info.plist */ = {isa = PBXFileReference; lastKnownFileType = text.plist.xml; path = Info.plist; sourceTree = "<group>"; };
		309DA3F81C49E11200D1631C /* DatabaseFunctions.h */ = {isa = PBXFileReference; fileEncoding = 4; lastKnownFileType = sourcecode.c.h; path = DatabaseFunctions.h; sourceTree = "<group>"; };
		309DA3F91C49E11200D1631C /* DatabaseFunctions.m */ = {isa = PBXFileReference; fileEncoding = 4; lastKnownFileType = sourcecode.c.objc; path = DatabaseFunctions.m; sourceTree = "<group>"; };
		309DA3FB1C49E11A00D1631C /* PortfolioModel.h */ = {isa = PBXFileReference; fileEncoding = 4; lastKnownFileType = sourcecode.c.h; path = PortfolioModel.h; sourceTree = "<group>"; };
		309DA3FC1C49E11A00D1631C /* PortfolioModel.m */ = {isa = PBXFileReference; fileEncoding = 4; lastKnownFileType = sourcecode.c.objc; path = PortfolioModel.m; sourceTree = "<group>"; };
		309DA3FE1C49E11F00D1631C /* ArticleModel.h */ = {isa = PBXFileReference; fileEncoding = 4; lastKnownFileType = sourcecode.c.h; path = ArticleModel.h; sourceTree = "<group>"; };
		309DA3FF1C49E11F00D1631C /* ArticleModel.m */ = {isa = PBXFileReference; fileEncoding = 4; lastKnownFileType = sourcecode.c.objc; path = ArticleModel.m; sourceTree = "<group>"; };
		309DA4011C49E12500D1631C /* HealthCheckModel.h */ = {isa = PBXFileReference; fileEncoding = 4; lastKnownFileType = sourcecode.c.h; path = HealthCheckModel.h; sourceTree = "<group>"; };
		309DA4021C49E12500D1631C /* HealthCheckModel.m */ = {isa = PBXFileReference; fileEncoding = 4; lastKnownFileType = sourcecode.c.objc; path = HealthCheckModel.m; sourceTree = "<group>"; };
		309DA4041C49E12E00D1631C /* NSString+HXAddtions.h */ = {isa = PBXFileReference; fileEncoding = 4; lastKnownFileType = sourcecode.c.h; path = "NSString+HXAddtions.h"; sourceTree = "<group>"; };
		309DA4051C49E12E00D1631C /* NSString+HXAddtions.m */ = {isa = PBXFileReference; fileEncoding = 4; lastKnownFileType = sourcecode.c.objc; path = "NSString+HXAddtions.m"; sourceTree = "<group>"; };
		7F2BA585E681C08E4A612B95 /* Pods.debug.xcconfig */ = {isa = PBXFileReference; includeInIndex = 1; lastKnownFileType = text.xcconfig; name = Pods.debug.xcconfig; path = "Pods/Target Support Files/Pods/Pods.debug.xcconfig"; sourceTree = "<group>"; };
		FE5A460E342F8D7156D2A3FF /* libPods.a */ = {isa = PBXFileReference; explicitFileType = archive.ar; includeInIndex = 0; path = libPods.a; sourceTree = BUILT_PRODUCTS_DIR; };
/* End PBXFileReference section */

/* Begin PBXFrameworksBuildPhase section */
		309DA3D91C49E07A00D1631C /* Frameworks */ = {
			isa = PBXFrameworksBuildPhase;
			buildActionMask = 2147483647;
			files = (
				D2F7EE298C20D731FE3323CE /* libPods.a in Frameworks */,
			);
			runOnlyForDeploymentPostprocessing = 0;
		};
/* End PBXFrameworksBuildPhase section */

/* Begin PBXGroup section */
		309DA3D31C49E07A00D1631C = {
			isa = PBXGroup;
			children = (
				309DA4041C49E12E00D1631C /* NSString+HXAddtions.h */,
				309DA4051C49E12E00D1631C /* NSString+HXAddtions.m */,
				309DA3F71C49E10600D1631C /* models */,
				309DA3F61C49E10100D1631C /* db */,
				309DA3DE1C49E07A00D1631C /* iOSfmdbTest */,
				309DA3DD1C49E07A00D1631C /* Products */,
				5083F7F4EDBEADCC75AE77E1 /* Pods */,
				A033711796D357F554B77DEE /* Frameworks */,
			);
			sourceTree = "<group>";
		};
		309DA3DD1C49E07A00D1631C /* Products */ = {
			isa = PBXGroup;
			children = (
				309DA3DC1C49E07A00D1631C /* iOSfmdbTest.app */,
			);
			name = Products;
			sourceTree = "<group>";
		};
		309DA3DE1C49E07A00D1631C /* iOSfmdbTest */ = {
			isa = PBXGroup;
			children = (
				309DA3E21C49E07A00D1631C /* AppDelegate.h */,
				309DA3E31C49E07A00D1631C /* AppDelegate.m */,
				309DA3E51C49E07A00D1631C /* ViewController.h */,
				309DA3E61C49E07A00D1631C /* ViewController.m */,
				309DA3E81C49E07A00D1631C /* Main.storyboard */,
				309DA3EB1C49E07A00D1631C /* Assets.xcassets */,
				309DA3ED1C49E07A00D1631C /* LaunchScreen.storyboard */,
				309DA3F01C49E07A00D1631C /* Info.plist */,
				309DA3DF1C49E07A00D1631C /* Supporting Files */,
			);
			path = iOSfmdbTest;
			sourceTree = "<group>";
		};
		309DA3DF1C49E07A00D1631C /* Supporting Files */ = {
			isa = PBXGroup;
			children = (
				309DA3E01C49E07A00D1631C /* main.m */,
			);
			name = "Supporting Files";
			sourceTree = "<group>";
		};
		309DA3F61C49E10100D1631C /* db */ = {
			isa = PBXGroup;
			children = (
				309DA3F81C49E11200D1631C /* DatabaseFunctions.h */,
				309DA3F91C49E11200D1631C /* DatabaseFunctions.m */,
			);
			name = db;
			sourceTree = "<group>";
		};
		309DA3F71C49E10600D1631C /* models */ = {
			isa = PBXGroup;
			children = (
				309DA4011C49E12500D1631C /* HealthCheckModel.h */,
				309DA4021C49E12500D1631C /* HealthCheckModel.m */,
				309DA3FE1C49E11F00D1631C /* ArticleModel.h */,
				309DA3FF1C49E11F00D1631C /* ArticleModel.m */,
				309DA3FB1C49E11A00D1631C /* PortfolioModel.h */,
				309DA3FC1C49E11A00D1631C /* PortfolioModel.m */,
			);
			name = models;
			sourceTree = "<group>";
		};
		5083F7F4EDBEADCC75AE77E1 /* Pods */ = {
			isa = PBXGroup;
			children = (
				7F2BA585E681C08E4A612B95 /* Pods.debug.xcconfig */,
				2BEDF35CFA3A1D48FF1352C6 /* Pods.release.xcconfig */,
			);
			name = Pods;
			sourceTree = "<group>";
		};
		A033711796D357F554B77DEE /* Frameworks */ = {
			isa = PBXGroup;
			children = (
				FE5A460E342F8D7156D2A3FF /* libPods.a */,
			);
			name = Frameworks;
			sourceTree = "<group>";
		};
/* End PBXGroup section */

/* Begin PBXNativeTarget section */
		309DA3DB1C49E07A00D1631C /* iOSfmdbTest */ = {
			isa = PBXNativeTarget;
			buildConfigurationList = 309DA3F31C49E07A00D1631C /* Build configuration list for PBXNativeTarget "iOSfmdbTest" */;
			buildPhases = (
				784EA7E8CC0A1FB19BF8BC36 /* Check Pods Manifest.lock */,
				309DA3D81C49E07A00D1631C /* Sources */,
				309DA3D91C49E07A00D1631C /* Frameworks */,
				309DA3DA1C49E07A00D1631C /* Resources */,
				15C7D6A8D7341B3D3A48E3C9 /* Embed Pods Frameworks */,
				60F2928C92AB2482F680594B /* Copy Pods Resources */,
			);
			buildRules = (
			);
			dependencies = (
			);
			name = iOSfmdbTest;
			productName = iOSfmdbTest;
			productReference = 309DA3DC1C49E07A00D1631C /* iOSfmdbTest.app */;
			productType = "com.apple.product-type.application";
		};
/* End PBXNativeTarget section */

/* Begin PBXProject section */
		309DA3D41C49E07A00D1631C /* Project object */ = {
			isa = PBXProject;
			attributes = {
				LastUpgradeCheck = 0720;
				ORGANIZATIONNAME = Epam;
				TargetAttributes = {
					309DA3DB1C49E07A00D1631C = {
						CreatedOnToolsVersion = 7.2;
					};
				};
			};
			buildConfigurationList = 309DA3D71C49E07A00D1631C /* Build configuration list for PBXProject "iOSfmdbTest" */;
			compatibilityVersion = "Xcode 3.2";
			developmentRegion = English;
			hasScannedForEncodings = 0;
			knownRegions = (
				en,
				Base,
			);
			mainGroup = 309DA3D31C49E07A00D1631C;
			productRefGroup = 309DA3DD1C49E07A00D1631C /* Products */;
			projectDirPath = "";
			projectRoot = "";
			targets = (
				309DA3DB1C49E07A00D1631C /* iOSfmdbTest */,
			);
		};
/* End PBXProject section */

/* Begin PBXResourcesBuildPhase section */
		309DA3DA1C49E07A00D1631C /* Resources */ = {
			isa = PBXResourcesBuildPhase;
			buildActionMask = 2147483647;
			files = (
				309DA3EF1C49E07A00D1631C /* LaunchScreen.storyboard in Resources */,
				309DA3EC1C49E07A00D1631C /* Assets.xcassets in Resources */,
				309DA3EA1C49E07A00D1631C /* Main.storyboard in Resources */,
			);
			runOnlyForDeploymentPostprocessing = 0;
		};
/* End PBXResourcesBuildPhase section */

/* Begin PBXShellScriptBuildPhase section */
		15C7D6A8D7341B3D3A48E3C9 /* Embed Pods Frameworks */ = {
			isa = PBXShellScriptBuildPhase;
			buildActionMask = 2147483647;
			files = (
			);
			inputPaths = (
			);
			name = "Embed Pods Frameworks";
			outputPaths = (
			);
			runOnlyForDeploymentPostprocessing = 0;
			shellPath = /bin/sh;
			shellScript = "\"${SRCROOT}/Pods/Target Support Files/Pods/Pods-frameworks.sh\"\n";
			showEnvVarsInLog = 0;
		};
		60F2928C92AB2482F680594B /* Copy Pods Resources */ = {
			isa = PBXShellScriptBuildPhase;
			buildActionMask = 2147483647;
			files = (
			);
			inputPaths = (
			);
			name = "Copy Pods Resources";
			outputPaths = (
			);
			runOnlyForDeploymentPostprocessing = 0;
			shellPath = /bin/sh;
			shellScript = "\"${SRCROOT}/Pods/Target Support Files/Pods/Pods-resources.sh\"\n";
			showEnvVarsInLog = 0;
		};
		784EA7E8CC0A1FB19BF8BC36 /* Check Pods Manifest.lock */ = {
			isa = PBXShellScriptBuildPhase;
			buildActionMask = 2147483647;
			files = (
			);
			inputPaths = (
			);
			name = "Check Pods Manifest.lock";
			outputPaths = (
			);
			runOnlyForDeploymentPostprocessing = 0;
			shellPath = /bin/sh;
			shellScript = "diff \"${PODS_ROOT}/../Podfile.lock\" \"${PODS_ROOT}/Manifest.lock\" > /dev/null\nif [[ $? != 0 ]] ; then\n    cat << EOM\nerror: The sandbox is not in sync with the Podfile.lock. Run 'pod install' or update your CocoaPods installation.\nEOM\n    exit 1\nfi\n";
			showEnvVarsInLog = 0;
		};
/* End PBXShellScriptBuildPhase section */

/* Begin PBXSourcesBuildPhase section */
		309DA3D81C49E07A00D1631C /* Sources */ = {
			isa = PBXSourcesBuildPhase;
			buildActionMask = 2147483647;
			files = (
				309DA3FA1C49E11200D1631C /* DatabaseFunctions.m in Sources */,
				309DA4061C49E12E00D1631C /* NSString+HXAddtions.m in Sources */,
				309DA3E71C49E07A00D1631C /* ViewController.m in Sources */,
				309DA4001C49E11F00D1631C /* ArticleModel.m in Sources */,
				309DA3E41C49E07A00D1631C /* AppDelegate.m in Sources */,
				309DA3FD1C49E11A00D1631C /* PortfolioModel.m in Sources */,
				309DA4031C49E12500D1631C /* HealthCheckModel.m in Sources */,
				309DA3E11C49E07A00D1631C /* main.m in Sources */,
			);
			runOnlyForDeploymentPostprocessing = 0;
		};
/* End PBXSourcesBuildPhase section */

/* Begin PBXVariantGroup section */
		309DA3E81C49E07A00D1631C /* Main.storyboard */ = {
			isa = PBXVariantGroup;
			children = (
				309DA3E91C49E07A00D1631C /* Base */,
			);
			name = Main.storyboard;
			sourceTree = "<group>";
		};
		309DA3ED1C49E07A00D1631C /* LaunchScreen.storyboard */ = {
			isa = PBXVariantGroup;
			children = (
				309DA3EE1C49E07A00D1631C /* Base */,
			);
			name = LaunchScreen.storyboard;
			sourceTree = "<group>";
		};
/* End PBXVariantGroup section */

/* Begin XCBuildConfiguration section */
		309DA3F11C49E07A00D1631C /* Debug */ = {
			isa = XCBuildConfiguration;
			buildSettings = {
				ALWAYS_SEARCH_USER_PATHS = NO;
				CLANG_CXX_LANGUAGE_STANDARD = "gnu++0x";
				CLANG_CXX_LIBRARY = "libc++";
				CLANG_ENABLE_MODULES = YES;
				CLANG_ENABLE_OBJC_ARC = YES;
				CLANG_WARN_BOOL_CONVERSION = YES;
				CLANG_WARN_CONSTANT_CONVERSION = YES;
				CLANG_WARN_DIRECT_OBJC_ISA_USAGE = YES_ERROR;
				CLANG_WARN_EMPTY_BODY = YES;
				CLANG_WARN_ENUM_CONVERSION = YES;
				CLANG_WARN_INT_CONVERSION = YES;
				CLANG_WARN_OBJC_ROOT_CLASS = YES_ERROR;
				CLANG_WARN_UNREACHABLE_CODE = YES;
				CLANG_WARN__DUPLICATE_METHOD_MATCH = YES;
				"CODE_SIGN_IDENTITY[sdk=iphoneos*]" = "iPhone Developer";
				COPY_PHASE_STRIP = NO;
				DEBUG_INFORMATION_FORMAT = dwarf;
				ENABLE_STRICT_OBJC_MSGSEND = YES;
				ENABLE_TESTABILITY = YES;
				GCC_C_LANGUAGE_STANDARD = gnu99;
				GCC_DYNAMIC_NO_PIC = NO;
				GCC_NO_COMMON_BLOCKS = YES;
				GCC_OPTIMIZATION_LEVEL = 0;
				GCC_PREPROCESSOR_DEFINITIONS = (
					"DEBUG=1",
					"$(inherited)",
				);
				GCC_WARN_64_TO_32_BIT_CONVERSION = YES;
				GCC_WARN_ABOUT_RETURN_TYPE = YES_ERROR;
				GCC_WARN_UNDECLARED_SELECTOR = YES;
				GCC_WARN_UNINITIALIZED_AUTOS = YES_AGGRESSIVE;
				GCC_WARN_UNUSED_FUNCTION = YES;
				GCC_WARN_UNUSED_VARIABLE = YES;
				IPHONEOS_DEPLOYMENT_TARGET = 9.2;
				MTL_ENABLE_DEBUG_INFO = YES;
				ONLY_ACTIVE_ARCH = YES;
				SDKROOT = iphoneos;
			};
			name = Debug;
		};
		309DA3F21C49E07A00D1631C /* Release */ = {
			isa = XCBuildConfiguration;
			buildSettings = {
				ALWAYS_SEARCH_USER_PATHS = NO;
				CLANG_CXX_LANGUAGE_STANDARD = "gnu++0x";
				CLANG_CXX_LIBRARY = "libc++";
				CLANG_ENABLE_MODULES = YES;
				CLANG_ENABLE_OBJC_ARC = YES;
				CLANG_WARN_BOOL_CONVERSION = YES;
				CLANG_WARN_CONSTANT_CONVERSION = YES;
				CLANG_WARN_DIRECT_OBJC_ISA_USAGE = YES_ERROR;
				CLANG_WARN_EMPTY_BODY = YES;
				CLANG_WARN_ENUM_CONVERSION = YES;
				CLANG_WARN_INT_CONVERSION = YES;
				CLANG_WARN_OBJC_ROOT_CLASS = YES_ERROR;
				CLANG_WARN_UNREACHABLE_CODE = YES;
				CLANG_WARN__DUPLICATE_METHOD_MATCH = YES;
				"CODE_SIGN_IDENTITY[sdk=iphoneos*]" = "iPhone Developer";
				COPY_PHASE_STRIP = NO;
				DEBUG_INFORMATION_FORMAT = "dwarf-with-dsym";
				ENABLE_NS_ASSERTIONS = NO;
				ENABLE_STRICT_OBJC_MSGSEND = YES;
				GCC_C_LANGUAGE_STANDARD = gnu99;
				GCC_NO_COMMON_BLOCKS = YES;
				GCC_WARN_64_TO_32_BIT_CONVERSION = YES;
				GCC_WARN_ABOUT_RETURN_TYPE = YES_ERROR;
				GCC_WARN_UNDECLARED_SELECTOR = YES;
				GCC_WARN_UNINITIALIZED_AUTOS = YES_AGGRESSIVE;
				GCC_WARN_UNUSED_FUNCTION = YES;
				GCC_WARN_UNUSED_VARIABLE = YES;
				IPHONEOS_DEPLOYMENT_TARGET = 9.2;
				MTL_ENABLE_DEBUG_INFO = NO;
				SDKROOT = iphoneos;
				VALIDATE_PRODUCT = YES;
			};
			name = Release;
		};
		309DA3F41C49E07A00D1631C /* Debug */ = {
			isa = XCBuildConfiguration;
			baseConfigurationReference = 7F2BA585E681C08E4A612B95 /* Pods.debug.xcconfig */;
			buildSettings = {
				ASSETCATALOG_COMPILER_APPICON_NAME = AppIcon;
				INFOPLIST_FILE = iOSfmdbTest/Info.plist;
				LD_RUNPATH_SEARCH_PATHS = "$(inherited) @executable_path/Frameworks";
				PRODUCT_BUNDLE_IDENTIFIER = com.rtsao.iOSfmdbTest;
				PRODUCT_NAME = "$(TARGET_NAME)";
			};
			name = Debug;
		};
		309DA3F51C49E07A00D1631C /* Release */ = {
			isa = XCBuildConfiguration;
			baseConfigurationReference = 2BEDF35CFA3A1D48FF1352C6 /* Pods.release.xcconfig */;
			buildSettings = {
				ASSETCATALOG_COMPILER_APPICON_NAME = AppIcon;
				INFOPLIST_FILE = iOSfmdbTest/Info.plist;
				LD_RUNPATH_SEARCH_PATHS = "$(inherited) @executable_path/Frameworks";
				PRODUCT_BUNDLE_IDENTIFIER = com.rtsao.iOSfmdbTest;
				PRODUCT_NAME = "$(TARGET_NAME)";
			};
			name = Release;
		};
/* End XCBuildConfiguration section */

/* Begin XCConfigurationList section */
		309DA3D71C49E07A00D1631C /* Build configuration list for PBXProject "iOSfmdbTest" */ = {
			isa = XCConfigurationList;
			buildConfigurations = (
				309DA3F11C49E07A00D1631C /* Debug */,
				309DA3F21C49E07A00D1631C /* Release */,
			);
			defaultConfigurationIsVisible = 0;
			defaultConfigurationName = Release;
		};
		309DA3F31C49E07A00D1631C /* Build configuration list for PBXNativeTarget "iOSfmdbTest" */ = {
			isa = XCConfigurationList;
			buildConfigurations = (
				309DA3F41C49E07A00D1631C /* Debug */,
				309DA3F51C49E07A00D1631C /* Release */,
			);
			defaultConfigurationIsVisible = 0;
			defaultConfigurationName = Release;
		};
/* End XCConfigurationList section */
	};
	rootObject = 309DA3D41C49E07A00D1631C /* Project object */;
}
